
Microsoft Visual Studio Solution File, Format Version 12.00
# Visual Studio Version 16
VisualStudioVersion = 16.0.29209.62
MinimumVisualStudioVersion = 10.0.40219.1
Project("{FAE04EC0-301F-11D3-BF4B-00C04F79EFBC}") = "Demo_TryCatch_FileIoExceptions", "Demo_TryCatch_FileIoExceptions\Demo_TryCatch_FileIoExceptions.csproj", "{00E7BC1C-C68B-4815-9A6F-57A012F505FD}"
EndProject
Global
	GlobalSection(SolutionConfigurationPlatforms) = preSolution
		Debug|Any CPU = Debug|Any CPU
		Release|Any CPU = Release|Any CPU
	EndGlobalSection
	GlobalSection(ProjectConfigurationPlatforms) = postSolution
		{00E7BC1C-C68B-4815-9A6F-57A012F505FD}.Debug|Any CPU.ActiveCfg = Debug|Any CPU
		{00E7BC1C-C68B-4815-9A6F-57A012F505FD}.Debug|Any CPU.Build.0 = Debug|Any CPU
		{00E7BC1C-C68B-4815-9A6F-57A012F505FD}.Release|Any CPU.ActiveCfg = Release|Any CPU
		{00E7BC1C-C68B-4815-9A6F-57A012F505FD}.Release|Any CPU.Build.0 = Release|Any CPU
	EndGlobalSection
	GlobalSection(SolutionProperties) = preSolution
		HideSolutionNode = FALSE
	EndGlobalSection
	GlobalSection(ExtensibilityGlobals) = postSolution
		SolutionGuid = {F593F1B7-3AE0-4C8D-864E-A5319EA25737}
	EndGlobalSection
EndGlobal
